
Microsoft Visual Studio Solution File, Format Version 12.00
# Visual Studio Version 17
VisualStudioVersion = 17.9.34728.123
MinimumVisualStudioVersion = 10.0.40219.1
Project("{FAE04EC0-301F-11D3-BF4B-00C04F79EFBC}") = "Encryption", "Encryption\Encryption.csproj", "{4D54F140-906F-4499-997F-4B44AAA6BF44}"
EndProject
Global
	GlobalSection(SolutionConfigurationPlatforms) = preSolution
		Debug|Any CPU = Debug|Any CPU
		Release|Any CPU = Release|Any CPU
	EndGlobalSection
	GlobalSection(ProjectConfigurationPlatforms) = postSolution
		{4D54F140-906F-4499-997F-4B44AAA6BF44}.Debug|Any CPU.ActiveCfg = Debug|Any CPU
		{4D54F140-906F-4499-997F-4B44AAA6BF44}.Debug|Any CPU.Build.0 = Debug|Any CPU
		{4D54F140-906F-4499-997F-4B44AAA6BF44}.Release|Any CPU.ActiveCfg = Release|Any CPU
		{4D54F140-906F-4499-997F-4B44AAA6BF44}.Release|Any CPU.Build.0 = Release|Any CPU
	EndGlobalSection
	GlobalSection(SolutionProperties) = preSolution
		HideSolutionNode = FALSE
	EndGlobalSection
	GlobalSection(ExtensibilityGlobals) = postSolution
		SolutionGuid = {078F6DE7-8C6A-4CDB-BE4E-87FCD5DAA1C0}
	EndGlobalSection
EndGlobal
